
Microsoft Visual Studio Solution File, Format Version 12.00
# Visual Studio Version 17
VisualStudioVersion = 17.0.31903.59
MinimumVisualStudioVersion = 10.0.40219.1
Project("{FAE04EC0-301F-11D3-BF4B-00C04F79EFBC}") = "Restaurant.API", "Restaurant.API\Restaurant.API.csproj", "{8EE6A42F-EB69-4E62-8C27-BCDD5A206C5F}"
EndProject
Project("{FAE04EC0-301F-11D3-BF4B-00C04F79EFBC}") = "Restaurants.Domain", "Restutant.Domain\Restaurants.Domain.csproj", "{E380EFBF-48D2-4EF0-B5A6-D73E974718A2}"
EndProject
Project("{FAE04EC0-301F-11D3-BF4B-00C04F79EFBC}") = "Restaurants.Application", "Restaurants.Application\Restaurants.Application.csproj", "{9DA90887-FCDD-4A52-92DC-20F63E03C57D}"
EndProject
Project("{FAE04EC0-301F-11D3-BF4B-00C04F79EFBC}") = "Restaurants.Infrastucture", "Restaurants.Infrastucture\Restaurants.Infrastucture.csproj", "{594EDDC7-F797-4485-A598-FEBF38196030}"
EndProject
Global
	GlobalSection(SolutionConfigurationPlatforms) = preSolution
		Debug|Any CPU = Debug|Any CPU
		Debug|x64 = Debug|x64
		Debug|x86 = Debug|x86
		Release|Any CPU = Release|Any CPU
		Release|x64 = Release|x64
		Release|x86 = Release|x86
	EndGlobalSection
	GlobalSection(ProjectConfigurationPlatforms) = postSolution
		{8EE6A42F-EB69-4E62-8C27-BCDD5A206C5F}.Debug|Any CPU.ActiveCfg = Debug|Any CPU
		{8EE6A42F-EB69-4E62-8C27-BCDD5A206C5F}.Debug|Any CPU.Build.0 = Debug|Any CPU
		{8EE6A42F-EB69-4E62-8C27-BCDD5A206C5F}.Debug|x64.ActiveCfg = Debug|Any CPU
		{8EE6A42F-EB69-4E62-8C27-BCDD5A206C5F}.Debug|x64.Build.0 = Debug|Any CPU
		{8EE6A42F-EB69-4E62-8C27-BCDD5A206C5F}.Debug|x86.ActiveCfg = Debug|Any CPU
		{8EE6A42F-EB69-4E62-8C27-BCDD5A206C5F}.Debug|x86.Build.0 = Debug|Any CPU
		{8EE6A42F-EB69-4E62-8C27-BCDD5A206C5F}.Release|Any CPU.ActiveCfg = Release|Any CPU
		{8EE6A42F-EB69-4E62-8C27-BCDD5A206C5F}.Release|Any CPU.Build.0 = Release|Any CPU
		{8EE6A42F-EB69-4E62-8C27-BCDD5A206C5F}.Release|x64.ActiveCfg = Release|Any CPU
		{8EE6A42F-EB69-4E62-8C27-BCDD5A206C5F}.Release|x64.Build.0 = Release|Any CPU
		{8EE6A42F-EB69-4E62-8C27-BCDD5A206C5F}.Release|x86.ActiveCfg = Release|Any CPU
		{8EE6A42F-EB69-4E62-8C27-BCDD5A206C5F}.Release|x86.Build.0 = Release|Any CPU
		{E380EFBF-48D2-4EF0-B5A6-D73E974718A2}.Debug|Any CPU.ActiveCfg = Debug|Any CPU
		{E380EFBF-48D2-4EF0-B5A6-D73E974718A2}.Debug|Any CPU.Build.0 = Debug|Any CPU
		{E380EFBF-48D2-4EF0-B5A6-D73E974718A2}.Debug|x64.ActiveCfg = Debug|Any CPU
		{E380EFBF-48D2-4EF0-B5A6-D73E974718A2}.Debug|x64.Build.0 = Debug|Any CPU
		{E380EFBF-48D2-4EF0-B5A6-D73E974718A2}.Debug|x86.ActiveCfg = Debug|Any CPU
		{E380EFBF-48D2-4EF0-B5A6-D73E974718A2}.Debug|x86.Build.0 = Debug|Any CPU
		{E380EFBF-48D2-4EF0-B5A6-D73E974718A2}.Release|Any CPU.ActiveCfg = Release|Any CPU
		{E380EFBF-48D2-4EF0-B5A6-D73E974718A2}.Release|Any CPU.Build.0 = Release|Any CPU
		{E380EFBF-48D2-4EF0-B5A6-D73E974718A2}.Release|x64.ActiveCfg = Release|Any CPU
		{E380EFBF-48D2-4EF0-B5A6-D73E974718A2}.Release|x64.Build.0 = Release|Any CPU
		{E380EFBF-48D2-4EF0-B5A6-D73E974718A2}.Release|x86.ActiveCfg = Release|Any CPU
		{E380EFBF-48D2-4EF0-B5A6-D73E974718A2}.Release|x86.Build.0 = Release|Any CPU
		{9DA90887-FCDD-4A52-92DC-20F63E03C57D}.Debug|Any CPU.ActiveCfg = Debug|Any CPU
		{9DA90887-FCDD-4A52-92DC-20F63E03C57D}.Debug|Any CPU.Build.0 = Debug|Any CPU
		{9DA90887-FCDD-4A52-92DC-20F63E03C57D}.Debug|x64.ActiveCfg = Debug|Any CPU
		{9DA90887-FCDD-4A52-92DC-20F63E03C57D}.Debug|x64.Build.0 = Debug|Any CPU
		{9DA90887-FCDD-4A52-92DC-20F63E03C57D}.Debug|x86.ActiveCfg = Debug|Any CPU
		{9DA90887-FCDD-4A52-92DC-20F63E03C57D}.Debug|x86.Build.0 = Debug|Any CPU
		{9DA90887-FCDD-4A52-92DC-20F63E03C57D}.Release|Any CPU.ActiveCfg = Release|Any CPU
		{9DA90887-FCDD-4A52-92DC-20F63E03C57D}.Release|Any CPU.Build.0 = Release|Any CPU
		{9DA90887-FCDD-4A52-92DC-20F63E03C57D}.Release|x64.ActiveCfg = Release|Any CPU
		{9DA90887-FCDD-4A52-92DC-20F63E03C57D}.Release|x64.Build.0 = Release|Any CPU
		{9DA90887-FCDD-4A52-92DC-20F63E03C57D}.Release|x86.ActiveCfg = Release|Any CPU
		{9DA90887-FCDD-4A52-92DC-20F63E03C57D}.Release|x86.Build.0 = Release|Any CPU
		{594EDDC7-F797-4485-A598-FEBF38196030}.Debug|Any CPU.ActiveCfg = Debug|Any CPU
		{594EDDC7-F797-4485-A598-FEBF38196030}.Debug|Any CPU.Build.0 = Debug|Any CPU
		{594EDDC7-F797-4485-A598-FEBF38196030}.Debug|x64.ActiveCfg = Debug|Any CPU
		{594EDDC7-F797-4485-A598-FEBF38196030}.Debug|x64.Build.0 = Debug|Any CPU
		{594EDDC7-F797-4485-A598-FEBF38196030}.Debug|x86.ActiveCfg = Debug|Any CPU
		{594EDDC7-F797-4485-A598-FEBF38196030}.Debug|x86.Build.0 = Debug|Any CPU
		{594EDDC7-F797-4485-A598-FEBF38196030}.Release|Any CPU.ActiveCfg = Release|Any CPU
		{594EDDC7-F797-4485-A598-FEBF38196030}.Release|Any CPU.Build.0 = Release|Any CPU
		{594EDDC7-F797-4485-A598-FEBF38196030}.Release|x64.ActiveCfg = Release|Any CPU
		{594EDDC7-F797-4485-A598-FEBF38196030}.Release|x64.Build.0 = Release|Any CPU
		{594EDDC7-F797-4485-A598-FEBF38196030}.Release|x86.ActiveCfg = Release|Any CPU
		{594EDDC7-F797-4485-A598-FEBF38196030}.Release|x86.Build.0 = Release|Any CPU
	EndGlobalSection
	GlobalSection(SolutionProperties) = preSolution
		HideSolutionNode = FALSE
	EndGlobalSection
	GlobalSection(ExtensibilityGlobals) = postSolution
		SolutionGuid = {94CB510B-4A35-40AE-8AEC-E4470977E902}
	EndGlobalSection
EndGlobal
